GEM
  remote: https://rubygems.org/
  specs:
    corefoundation (0.2.0)
      ffi
    ffi (1.9.10)
    highline (1.7.7)
    json (1.8.3)
    rb-appscript (0.6.1)
    ruby-keychain (0.3.2)
      corefoundation (~> 0.2.0)
      ffi
    trollop (2.1.2)

PLATFORMS
  ruby

DEPENDENCIES
  highline
  json
  rb-appscript
  ruby-keychain
  trollop

BUNDLED WITH
   1.10.6
